hash: 6ccedcaac75ad0478428e2f312035d8fdaa8d6ccabe69f09aab941a2a157e90f
updated: 2017-02-10T20:32:28.378825632+09:00
imports:
- name: github.com/golang/protobuf
  version: 8ee79997227bf9b34611aee7946ae64735e6fd93
  subpackages:
  - proto
- name: golang.org/x/net
  version: a689eb3bc4b53af70390acc3cf68c9f549b6b8d6
  subpackages:
  - context
- name: google.golang.org/appengine
  version: 2e4a801b39fc199db615bfca7d0b9f8cd9580599
  subpackages:
  - internal
  - internal/app_identity
  - internal/base
  - internal/datastore
  - internal/log
  - internal/modules
  - internal/remote_api
  - log
testImports: []
